
Microsoft Visual Studio Solution File, Format Version 12.00
# Visual Studio 15
VisualStudioVersion = 15.0.28307.102
MinimumVisualStudioVersion = 10.0.40219.1
Project("{FAE04EC0-301F-11D3-BF4B-00C04F79EFBC}") = "Opdracht 3.4", "ConsoleApp1\Opdracht 3.4.csproj", "{4AF4EC8B-9059-4503-958B-0BD60F804653}"
EndProject
Global
	GlobalSection(SolutionConfigurationPlatforms) = preSolution
		Debug|Any CPU = Debug|Any CPU
		Release|Any CPU = Release|Any CPU
	EndGlobalSection
	GlobalSection(ProjectConfigurationPlatforms) = postSolution
		{4AF4EC8B-9059-4503-958B-0BD60F804653}.Debug|Any CPU.ActiveCfg = Debug|Any CPU
		{4AF4EC8B-9059-4503-958B-0BD60F804653}.Debug|Any CPU.Build.0 = Debug|Any CPU
		{4AF4EC8B-9059-4503-958B-0BD60F804653}.Release|Any CPU.ActiveCfg = Release|Any CPU
		{4AF4EC8B-9059-4503-958B-0BD60F804653}.Release|Any CPU.Build.0 = Release|Any CPU
	EndGlobalSection
	GlobalSection(SolutionProperties) = preSolution
		HideSolutionNode = FALSE
	EndGlobalSection
	GlobalSection(ExtensibilityGlobals) = postSolution
		SolutionGuid = {5FB234DC-3531-4C9E-8B6C-29F8E537E23E}
	EndGlobalSection
EndGlobal
