
Microsoft Visual Studio Solution File, Format Version 12.00
# Visual Studio 15
VisualStudioVersion = 15.0.28307.102
MinimumVisualStudioVersion = 10.0.40219.1
Project("{FAE04EC0-301F-11D3-BF4B-00C04F79EFBC}") = "3.6", "ConsoleApp1\3.6.csproj", "{A2626811-A411-4ABE-AC85-2D4A00306BF7}"
EndProject
Project("{FAE04EC0-301F-11D3-BF4B-00C04F79EFBC}") = "3.2", "3.2\3.2.csproj", "{88649AC9-E6A2-4E6D-B058-DBB3EB1E57A6}"
EndProject
Project("{FAE04EC0-301F-11D3-BF4B-00C04F79EFBC}") = "5.8", "ConsoleApp2\5.8.csproj", "{C6161E19-B841-4AA1-9151-2E28B516C099}"
EndProject
Project("{FAE04EC0-301F-11D3-BF4B-00C04F79EFBC}") = "5.10", "3.10\5.10.csproj", "{E51FD6C7-E94A-48F4-9E6B-CBE2304B2874}"
EndProject
Project("{FAE04EC0-301F-11D3-BF4B-00C04F79EFBC}") = "5.17", "ConsoleApp3\5.17.csproj", "{8D22DB8F-6506-4A9B-A185-9E9F84220DCC}"
EndProject
Project("{FAE04EC0-301F-11D3-BF4B-00C04F79EFBC}") = "4.4", "4.4\4.4.csproj", "{D43B73FA-5B0D-4C27-9760-B687FB64449A}"
EndProject
Project("{FAE04EC0-301F-11D3-BF4B-00C04F79EFBC}") = "4.7", "ConsoleApp4\4.7.csproj", "{56F754B7-1DFB-4D19-9DD2-2501B71B78D3}"
EndProject
Global
	GlobalSection(SolutionConfigurationPlatforms) = preSolution
		Debug|Any CPU = Debug|Any CPU
		Release|Any CPU = Release|Any CPU
	EndGlobalSection
	GlobalSection(ProjectConfigurationPlatforms) = postSolution
		{A2626811-A411-4ABE-AC85-2D4A00306BF7}.Debug|Any CPU.ActiveCfg = Debug|Any CPU
		{A2626811-A411-4ABE-AC85-2D4A00306BF7}.Debug|Any CPU.Build.0 = Debug|Any CPU
		{A2626811-A411-4ABE-AC85-2D4A00306BF7}.Release|Any CPU.ActiveCfg = Release|Any CPU
		{A2626811-A411-4ABE-AC85-2D4A00306BF7}.Release|Any CPU.Build.0 = Release|Any CPU
		{88649AC9-E6A2-4E6D-B058-DBB3EB1E57A6}.Debug|Any CPU.ActiveCfg = Debug|Any CPU
		{88649AC9-E6A2-4E6D-B058-DBB3EB1E57A6}.Debug|Any CPU.Build.0 = Debug|Any CPU
		{88649AC9-E6A2-4E6D-B058-DBB3EB1E57A6}.Release|Any CPU.ActiveCfg = Release|Any CPU
		{88649AC9-E6A2-4E6D-B058-DBB3EB1E57A6}.Release|Any CPU.Build.0 = Release|Any CPU
		{C6161E19-B841-4AA1-9151-2E28B516C099}.Debug|Any CPU.ActiveCfg = Debug|Any CPU
		{C6161E19-B841-4AA1-9151-2E28B516C099}.Debug|Any CPU.Build.0 = Debug|Any CPU
		{C6161E19-B841-4AA1-9151-2E28B516C099}.Release|Any CPU.ActiveCfg = Release|Any CPU
		{C6161E19-B841-4AA1-9151-2E28B516C099}.Release|Any CPU.Build.0 = Release|Any CPU
		{E51FD6C7-E94A-48F4-9E6B-CBE2304B2874}.Debug|Any CPU.ActiveCfg = Debug|Any CPU
		{E51FD6C7-E94A-48F4-9E6B-CBE2304B2874}.Debug|Any CPU.Build.0 = Debug|Any CPU
		{E51FD6C7-E94A-48F4-9E6B-CBE2304B2874}.Release|Any CPU.ActiveCfg = Release|Any CPU
		{E51FD6C7-E94A-48F4-9E6B-CBE2304B2874}.Release|Any CPU.Build.0 = Release|Any CPU
		{8D22DB8F-6506-4A9B-A185-9E9F84220DCC}.Debug|Any CPU.ActiveCfg = Debug|Any CPU
		{8D22DB8F-6506-4A9B-A185-9E9F84220DCC}.Debug|Any CPU.Build.0 = Debug|Any CPU
		{8D22DB8F-6506-4A9B-A185-9E9F84220DCC}.Release|Any CPU.ActiveCfg = Release|Any CPU
		{8D22DB8F-6506-4A9B-A185-9E9F84220DCC}.Release|Any CPU.Build.0 = Release|Any CPU
		{D43B73FA-5B0D-4C27-9760-B687FB64449A}.Debug|Any CPU.ActiveCfg = Debug|Any CPU
		{D43B73FA-5B0D-4C27-9760-B687FB64449A}.Debug|Any CPU.Build.0 = Debug|Any CPU
		{D43B73FA-5B0D-4C27-9760-B687FB64449A}.Release|Any CPU.ActiveCfg = Release|Any CPU
		{D43B73FA-5B0D-4C27-9760-B687FB64449A}.Release|Any CPU.Build.0 = Release|Any CPU
		{56F754B7-1DFB-4D19-9DD2-2501B71B78D3}.Debug|Any CPU.ActiveCfg = Debug|Any CPU
		{56F754B7-1DFB-4D19-9DD2-2501B71B78D3}.Debug|Any CPU.Build.0 = Debug|Any CPU
		{56F754B7-1DFB-4D19-9DD2-2501B71B78D3}.Release|Any CPU.ActiveCfg = Release|Any CPU
		{56F754B7-1DFB-4D19-9DD2-2501B71B78D3}.Release|Any CPU.Build.0 = Release|Any CPU
	EndGlobalSection
	GlobalSection(SolutionProperties) = preSolution
		HideSolutionNode = FALSE
	EndGlobalSection
	GlobalSection(ExtensibilityGlobals) = postSolution
		SolutionGuid = {5FB234DC-3531-4C9E-8B6C-29F8E537E23E}
	EndGlobalSection
EndGlobal
