
Microsoft Visual Studio Solution File, Format Version 12.00
# Visual Studio 15
VisualStudioVersion = 15.0.28307.102
MinimumVisualStudioVersion = 10.0.40219.1
Project("{FAE04EC0-301F-11D3-BF4B-00C04F79EFBC}") = "4.12", "4.12.csproj", "{1057BF4F-3B13-4C84-86C8-6F4B481106B0}"
EndProject
Global
	GlobalSection(SolutionConfigurationPlatforms) = preSolution
		Debug|Any CPU = Debug|Any CPU
		Release|Any CPU = Release|Any CPU
	EndGlobalSection
	GlobalSection(ProjectConfigurationPlatforms) = postSolution
		{1057BF4F-3B13-4C84-86C8-6F4B481106B0}.Debug|Any CPU.ActiveCfg = Debug|Any CPU
		{1057BF4F-3B13-4C84-86C8-6F4B481106B0}.Debug|Any CPU.Build.0 = Debug|Any CPU
		{1057BF4F-3B13-4C84-86C8-6F4B481106B0}.Release|Any CPU.ActiveCfg = Release|Any CPU
		{1057BF4F-3B13-4C84-86C8-6F4B481106B0}.Release|Any CPU.Build.0 = Release|Any CPU
	EndGlobalSection
	GlobalSection(SolutionProperties) = preSolution
		HideSolutionNode = FALSE
	EndGlobalSection
	GlobalSection(ExtensibilityGlobals) = postSolution
		SolutionGuid = {24DD8152-0A33-4858-B75D-F10F40DAF1FE}
	EndGlobalSection
EndGlobal
