
Microsoft Visual Studio Solution File, Format Version 12.00
# Visual Studio 15
VisualStudioVersion = 15.0.28307.102
MinimumVisualStudioVersion = 10.0.40219.1
Project("{FAE04EC0-301F-11D3-BF4B-00C04F79EFBC}") = "5.1", "5.1\5.1.csproj", "{D0104DBC-05BF-449A-B106-26BEA153C3E4}"
EndProject
Project("{FAE04EC0-301F-11D3-BF4B-00C04F79EFBC}") = "5.17", "5.17\5.17.csproj", "{FC904D26-F85E-4008-80CE-6CFA890EDAA2}"
EndProject
Project("{FAE04EC0-301F-11D3-BF4B-00C04F79EFBC}") = "5.8", "5.8\5.8.csproj", "{B6AE41AE-AD87-4B49-99CD-BE33C80C20B2}"
EndProject
Project("{FAE04EC0-301F-11D3-BF4B-00C04F79EFBC}") = "5.2(af)", "5.2(af)\5.2(af).csproj", "{9566E4BB-AED5-4B70-A549-56D8EB659338}"
EndProject
Project("{FAE04EC0-301F-11D3-BF4B-00C04F79EFBC}") = "5.10", "5.10\5.10.csproj", "{1511DAF0-EFAB-4D66-A545-86F02EE7F8BF}"
EndProject
Project("{FAE04EC0-301F-11D3-BF4B-00C04F79EFBC}") = "5.9", "5.9\5.9.csproj", "{2AF23187-34F7-43AF-B074-CBE99BC8DA52}"
EndProject
Project("{FAE04EC0-301F-11D3-BF4B-00C04F79EFBC}") = "Opdracht 5.5", "Opdracht 5.5\Opdracht 5.5.csproj", "{E7D44B82-54DE-4A3F-8056-67D6BD438B94}"
EndProject
Project("{FAE04EC0-301F-11D3-BF4B-00C04F79EFBC}") = "5.4", "5.4\5.4.csproj", "{6BCAB66F-B6A5-476F-8524-B9669184E647}"
EndProject
Project("{FAE04EC0-301F-11D3-BF4B-00C04F79EFBC}") = "Opdracht 5.15", "Opdracht 3.15\Opdracht 5.15.csproj", "{80512DC3-36FD-4D04-AC8F-7778534BA42C}"
EndProject
<<<<<<< HEAD
Project("{FAE04EC0-301F-11D3-BF4B-00C04F79EFBC}") = "Opdracht5.18", "Opdracht5.18\Opdracht5.18.csproj", "{F1DD9478-EEF9-4521-B334-D6F0CA9283B1}"
EndProject
Project("{FAE04EC0-301F-11D3-BF4B-00C04F79EFBC}") = "Opdracht5.19", "Opdracht5.19\Opdracht5.19.csproj", "{B3EC5CE6-CC0E-4912-8D18-98432026D2C6}"
=======
<<<<<<< HEAD
Project("{FAE04EC0-301F-11D3-BF4B-00C04F79EFBC}") = "5.20 opdracht af", "5.20 opdracht af\5.20 opdracht af.csproj", "{07C97864-6D63-48DE-A380-26DEBE28119F}"
EndProject
Project("{FAE04EC0-301F-11D3-BF4B-00C04F79EFBC}") = "5.21", "5.21\5.21.csproj", "{F0DFA618-006F-4971-9796-94FEE026EBB6}"
=======
Project("{FAE04EC0-301F-11D3-BF4B-00C04F79EFBC}") = "Opdracht5.18", "Opdracht5.18\Opdracht5.18.csproj", "{F1DD9478-EEF9-4521-B334-D6F0CA9283B1}"
EndProject
Project("{FAE04EC0-301F-11D3-BF4B-00C04F79EFBC}") = "Opdracht5.19", "Opdracht5.19\Opdracht5.19.csproj", "{B3EC5CE6-CC0E-4912-8D18-98432026D2C6}"
EndProject
Project("{FAE04EC0-301F-11D3-BF4B-00C04F79EFBC}") = "Opdracht5.6", "Opdracht5.6\Opdracht5.6.csproj", "{77681782-3FCB-4B3B-8990-6C5292BFC3A0}"
EndProject
Project("{FAE04EC0-301F-11D3-BF4B-00C04F79EFBC}") = "Opdracht5.16", "Opdracht5.16\Opdracht5.16.csproj", "{0E73DD8B-E398-4A0B-BDA7-FEF60CB971E8}"
EndProject
Project("{FAE04EC0-301F-11D3-BF4B-00C04F79EFBC}") = "5.7", "5.7\5.7.csproj", "{7E598B4F-C2D2-44EA-B7DB-456BE2D36246}"
EndProject
Project("{FAE04EC0-301F-11D3-BF4B-00C04F79EFBC}") = "5.20.false", "5.20\5.20.false.csproj", "{EB5A829E-17C0-4FE0-8E16-4C282B067E74}"
EndProject
Project("{FAE04EC0-301F-11D3-BF4B-00C04F79EFBC}") = "5.22", "5.22\5.22.csproj", "{F4D9C5FD-CC93-4A38-A2F0-C70A5A4CA506}"
EndProject
Project("{FAE04EC0-301F-11D3-BF4B-00C04F79EFBC}") = "5.20", "5.20\5.20.csproj", "{AC80A888-D45F-4BF8-B54E-595E207F3FAF}"
>>>>>>> c4ed133e4c07877bd14d950916141cddadb79524
EndProject
Project("{FAE04EC0-301F-11D3-BF4B-00C04F79EFBC}") = "5.14", "5.14\5.14.csproj", "{4D4239DD-DDAC-462E-AF56-584435AE1FBC}"
EndProject
Project("{FAE04EC0-301F-11D3-BF4B-00C04F79EFBC}") = "opdracht 5.7", "opdracht 5.7\opdracht 5.7.csproj", "{51A69B4D-D4B6-4BB1-AA27-2095635806BE}"
EndProject
Project("{FAE04EC0-301F-11D3-BF4B-00C04F79EFBC}") = "5.3.1", "5.3.1\5.3.1.csproj", "{E5649C4C-C313-4086-B0F3-006240841532}"
>>>>>>> 2513f76e8cdb15829279783ecaa7cbf53fd72cab
EndProject
Global
	GlobalSection(SolutionConfigurationPlatforms) = preSolution
		Debug|Any CPU = Debug|Any CPU
		Release|Any CPU = Release|Any CPU
	EndGlobalSection
	GlobalSection(ProjectConfigurationPlatforms) = postSolution
		{D0104DBC-05BF-449A-B106-26BEA153C3E4}.Debug|Any CPU.ActiveCfg = Debug|Any CPU
		{D0104DBC-05BF-449A-B106-26BEA153C3E4}.Debug|Any CPU.Build.0 = Debug|Any CPU
		{D0104DBC-05BF-449A-B106-26BEA153C3E4}.Release|Any CPU.ActiveCfg = Release|Any CPU
		{D0104DBC-05BF-449A-B106-26BEA153C3E4}.Release|Any CPU.Build.0 = Release|Any CPU
		{FC904D26-F85E-4008-80CE-6CFA890EDAA2}.Debug|Any CPU.ActiveCfg = Debug|Any CPU
		{FC904D26-F85E-4008-80CE-6CFA890EDAA2}.Debug|Any CPU.Build.0 = Debug|Any CPU
		{FC904D26-F85E-4008-80CE-6CFA890EDAA2}.Release|Any CPU.ActiveCfg = Release|Any CPU
		{FC904D26-F85E-4008-80CE-6CFA890EDAA2}.Release|Any CPU.Build.0 = Release|Any CPU
		{B6AE41AE-AD87-4B49-99CD-BE33C80C20B2}.Debug|Any CPU.ActiveCfg = Debug|Any CPU
		{B6AE41AE-AD87-4B49-99CD-BE33C80C20B2}.Debug|Any CPU.Build.0 = Debug|Any CPU
		{B6AE41AE-AD87-4B49-99CD-BE33C80C20B2}.Release|Any CPU.ActiveCfg = Release|Any CPU
		{B6AE41AE-AD87-4B49-99CD-BE33C80C20B2}.Release|Any CPU.Build.0 = Release|Any CPU
		{9566E4BB-AED5-4B70-A549-56D8EB659338}.Debug|Any CPU.ActiveCfg = Debug|Any CPU
		{9566E4BB-AED5-4B70-A549-56D8EB659338}.Debug|Any CPU.Build.0 = Debug|Any CPU
		{9566E4BB-AED5-4B70-A549-56D8EB659338}.Release|Any CPU.ActiveCfg = Release|Any CPU
		{9566E4BB-AED5-4B70-A549-56D8EB659338}.Release|Any CPU.Build.0 = Release|Any CPU
		{1511DAF0-EFAB-4D66-A545-86F02EE7F8BF}.Debug|Any CPU.ActiveCfg = Debug|Any CPU
		{1511DAF0-EFAB-4D66-A545-86F02EE7F8BF}.Debug|Any CPU.Build.0 = Debug|Any CPU
		{1511DAF0-EFAB-4D66-A545-86F02EE7F8BF}.Release|Any CPU.ActiveCfg = Release|Any CPU
		{1511DAF0-EFAB-4D66-A545-86F02EE7F8BF}.Release|Any CPU.Build.0 = Release|Any CPU
		{2AF23187-34F7-43AF-B074-CBE99BC8DA52}.Debug|Any CPU.ActiveCfg = Debug|Any CPU
		{2AF23187-34F7-43AF-B074-CBE99BC8DA52}.Debug|Any CPU.Build.0 = Debug|Any CPU
		{2AF23187-34F7-43AF-B074-CBE99BC8DA52}.Release|Any CPU.ActiveCfg = Release|Any CPU
		{2AF23187-34F7-43AF-B074-CBE99BC8DA52}.Release|Any CPU.Build.0 = Release|Any CPU
		{E7D44B82-54DE-4A3F-8056-67D6BD438B94}.Debug|Any CPU.ActiveCfg = Debug|Any CPU
		{E7D44B82-54DE-4A3F-8056-67D6BD438B94}.Debug|Any CPU.Build.0 = Debug|Any CPU
		{E7D44B82-54DE-4A3F-8056-67D6BD438B94}.Release|Any CPU.ActiveCfg = Release|Any CPU
		{E7D44B82-54DE-4A3F-8056-67D6BD438B94}.Release|Any CPU.Build.0 = Release|Any CPU
		{6BCAB66F-B6A5-476F-8524-B9669184E647}.Debug|Any CPU.ActiveCfg = Debug|Any CPU
		{6BCAB66F-B6A5-476F-8524-B9669184E647}.Debug|Any CPU.Build.0 = Debug|Any CPU
		{6BCAB66F-B6A5-476F-8524-B9669184E647}.Release|Any CPU.ActiveCfg = Release|Any CPU
		{6BCAB66F-B6A5-476F-8524-B9669184E647}.Release|Any CPU.Build.0 = Release|Any CPU
		{80512DC3-36FD-4D04-AC8F-7778534BA42C}.Debug|Any CPU.ActiveCfg = Debug|Any CPU
		{80512DC3-36FD-4D04-AC8F-7778534BA42C}.Debug|Any CPU.Build.0 = Debug|Any CPU
		{80512DC3-36FD-4D04-AC8F-7778534BA42C}.Release|Any CPU.ActiveCfg = Release|Any CPU
		{80512DC3-36FD-4D04-AC8F-7778534BA42C}.Release|Any CPU.Build.0 = Release|Any CPU
<<<<<<< HEAD
=======
<<<<<<< HEAD
		{07C97864-6D63-48DE-A380-26DEBE28119F}.Debug|Any CPU.ActiveCfg = Debug|Any CPU
		{07C97864-6D63-48DE-A380-26DEBE28119F}.Debug|Any CPU.Build.0 = Debug|Any CPU
		{07C97864-6D63-48DE-A380-26DEBE28119F}.Release|Any CPU.ActiveCfg = Release|Any CPU
		{07C97864-6D63-48DE-A380-26DEBE28119F}.Release|Any CPU.Build.0 = Release|Any CPU
		{F0DFA618-006F-4971-9796-94FEE026EBB6}.Debug|Any CPU.ActiveCfg = Debug|Any CPU
		{F0DFA618-006F-4971-9796-94FEE026EBB6}.Debug|Any CPU.Build.0 = Debug|Any CPU
		{F0DFA618-006F-4971-9796-94FEE026EBB6}.Release|Any CPU.ActiveCfg = Release|Any CPU
		{F0DFA618-006F-4971-9796-94FEE026EBB6}.Release|Any CPU.Build.0 = Release|Any CPU
=======
>>>>>>> 2513f76e8cdb15829279783ecaa7cbf53fd72cab
		{F1DD9478-EEF9-4521-B334-D6F0CA9283B1}.Debug|Any CPU.ActiveCfg = Debug|Any CPU
		{F1DD9478-EEF9-4521-B334-D6F0CA9283B1}.Debug|Any CPU.Build.0 = Debug|Any CPU
		{F1DD9478-EEF9-4521-B334-D6F0CA9283B1}.Release|Any CPU.ActiveCfg = Release|Any CPU
		{F1DD9478-EEF9-4521-B334-D6F0CA9283B1}.Release|Any CPU.Build.0 = Release|Any CPU
		{B3EC5CE6-CC0E-4912-8D18-98432026D2C6}.Debug|Any CPU.ActiveCfg = Debug|Any CPU
		{B3EC5CE6-CC0E-4912-8D18-98432026D2C6}.Debug|Any CPU.Build.0 = Debug|Any CPU
		{B3EC5CE6-CC0E-4912-8D18-98432026D2C6}.Release|Any CPU.ActiveCfg = Release|Any CPU
		{B3EC5CE6-CC0E-4912-8D18-98432026D2C6}.Release|Any CPU.Build.0 = Release|Any CPU
<<<<<<< HEAD
=======
		{77681782-3FCB-4B3B-8990-6C5292BFC3A0}.Debug|Any CPU.ActiveCfg = Debug|Any CPU
		{77681782-3FCB-4B3B-8990-6C5292BFC3A0}.Debug|Any CPU.Build.0 = Debug|Any CPU
		{77681782-3FCB-4B3B-8990-6C5292BFC3A0}.Release|Any CPU.ActiveCfg = Release|Any CPU
		{77681782-3FCB-4B3B-8990-6C5292BFC3A0}.Release|Any CPU.Build.0 = Release|Any CPU
		{0E73DD8B-E398-4A0B-BDA7-FEF60CB971E8}.Debug|Any CPU.ActiveCfg = Debug|Any CPU
		{0E73DD8B-E398-4A0B-BDA7-FEF60CB971E8}.Debug|Any CPU.Build.0 = Debug|Any CPU
		{0E73DD8B-E398-4A0B-BDA7-FEF60CB971E8}.Release|Any CPU.ActiveCfg = Release|Any CPU
		{0E73DD8B-E398-4A0B-BDA7-FEF60CB971E8}.Release|Any CPU.Build.0 = Release|Any CPU
		{7E598B4F-C2D2-44EA-B7DB-456BE2D36246}.Debug|Any CPU.ActiveCfg = Debug|Any CPU
		{7E598B4F-C2D2-44EA-B7DB-456BE2D36246}.Debug|Any CPU.Build.0 = Debug|Any CPU
		{7E598B4F-C2D2-44EA-B7DB-456BE2D36246}.Release|Any CPU.ActiveCfg = Release|Any CPU
		{7E598B4F-C2D2-44EA-B7DB-456BE2D36246}.Release|Any CPU.Build.0 = Release|Any CPU
		{EB5A829E-17C0-4FE0-8E16-4C282B067E74}.Debug|Any CPU.ActiveCfg = Debug|Any CPU
		{EB5A829E-17C0-4FE0-8E16-4C282B067E74}.Debug|Any CPU.Build.0 = Debug|Any CPU
		{EB5A829E-17C0-4FE0-8E16-4C282B067E74}.Release|Any CPU.ActiveCfg = Release|Any CPU
		{EB5A829E-17C0-4FE0-8E16-4C282B067E74}.Release|Any CPU.Build.0 = Release|Any CPU
		{F4D9C5FD-CC93-4A38-A2F0-C70A5A4CA506}.Debug|Any CPU.ActiveCfg = Debug|Any CPU
		{F4D9C5FD-CC93-4A38-A2F0-C70A5A4CA506}.Debug|Any CPU.Build.0 = Debug|Any CPU
		{F4D9C5FD-CC93-4A38-A2F0-C70A5A4CA506}.Release|Any CPU.ActiveCfg = Release|Any CPU
		{F4D9C5FD-CC93-4A38-A2F0-C70A5A4CA506}.Release|Any CPU.Build.0 = Release|Any CPU
		{AC80A888-D45F-4BF8-B54E-595E207F3FAF}.Debug|Any CPU.ActiveCfg = Debug|Any CPU
		{AC80A888-D45F-4BF8-B54E-595E207F3FAF}.Debug|Any CPU.Build.0 = Debug|Any CPU
		{AC80A888-D45F-4BF8-B54E-595E207F3FAF}.Release|Any CPU.ActiveCfg = Release|Any CPU
		{AC80A888-D45F-4BF8-B54E-595E207F3FAF}.Release|Any CPU.Build.0 = Release|Any CPU
		{4D4239DD-DDAC-462E-AF56-584435AE1FBC}.Debug|Any CPU.ActiveCfg = Debug|Any CPU
		{4D4239DD-DDAC-462E-AF56-584435AE1FBC}.Debug|Any CPU.Build.0 = Debug|Any CPU
		{4D4239DD-DDAC-462E-AF56-584435AE1FBC}.Release|Any CPU.ActiveCfg = Release|Any CPU
		{4D4239DD-DDAC-462E-AF56-584435AE1FBC}.Release|Any CPU.Build.0 = Release|Any CPU
		{51A69B4D-D4B6-4BB1-AA27-2095635806BE}.Debug|Any CPU.ActiveCfg = Debug|Any CPU
		{51A69B4D-D4B6-4BB1-AA27-2095635806BE}.Debug|Any CPU.Build.0 = Debug|Any CPU
		{51A69B4D-D4B6-4BB1-AA27-2095635806BE}.Release|Any CPU.ActiveCfg = Release|Any CPU
		{51A69B4D-D4B6-4BB1-AA27-2095635806BE}.Release|Any CPU.Build.0 = Release|Any CPU
		{E5649C4C-C313-4086-B0F3-006240841532}.Debug|Any CPU.ActiveCfg = Debug|Any CPU
		{E5649C4C-C313-4086-B0F3-006240841532}.Debug|Any CPU.Build.0 = Debug|Any CPU
		{E5649C4C-C313-4086-B0F3-006240841532}.Release|Any CPU.ActiveCfg = Release|Any CPU
		{E5649C4C-C313-4086-B0F3-006240841532}.Release|Any CPU.Build.0 = Release|Any CPU
>>>>>>> c4ed133e4c07877bd14d950916141cddadb79524
>>>>>>> 2513f76e8cdb15829279783ecaa7cbf53fd72cab
	EndGlobalSection
	GlobalSection(SolutionProperties) = preSolution
		HideSolutionNode = FALSE
	EndGlobalSection
	GlobalSection(ExtensibilityGlobals) = postSolution
		SolutionGuid = {83178726-C5E4-41E4-A17B-4BA96208A666}
	EndGlobalSection
EndGlobal
