
Microsoft Visual Studio Solution File, Format Version 12.00
# Visual Studio 15
VisualStudioVersion = 15.0.28307.102
MinimumVisualStudioVersion = 10.0.40219.1
Project("{FAE04EC0-301F-11D3-BF4B-00C04F79EFBC}") = "4.1", "4.1\4.1.csproj", "{4E1F4099-0ABF-4ECC-86BB-C0E721D84D4B}"
EndProject
Project("{FAE04EC0-301F-11D3-BF4B-00C04F79EFBC}") = "4.2", "4.2\4.2.csproj", "{4C59D218-3FF7-4DCA-A202-DCA6C0D7F6FD}"
EndProject
Project("{FAE04EC0-301F-11D3-BF4B-00C04F79EFBC}") = "Opdracht 4.2", "Opdracht 4.2\Opdracht 4.2.csproj", "{F852B0EB-548B-437C-9970-67202A9F2D55}"
EndProject
Global
	GlobalSection(SolutionConfigurationPlatforms) = preSolution
		Debug|Any CPU = Debug|Any CPU
		Release|Any CPU = Release|Any CPU
	EndGlobalSection
	GlobalSection(ProjectConfigurationPlatforms) = postSolution
		{4E1F4099-0ABF-4ECC-86BB-C0E721D84D4B}.Debug|Any CPU.ActiveCfg = Debug|Any CPU
		{4E1F4099-0ABF-4ECC-86BB-C0E721D84D4B}.Debug|Any CPU.Build.0 = Debug|Any CPU
		{4E1F4099-0ABF-4ECC-86BB-C0E721D84D4B}.Release|Any CPU.ActiveCfg = Release|Any CPU
		{4E1F4099-0ABF-4ECC-86BB-C0E721D84D4B}.Release|Any CPU.Build.0 = Release|Any CPU
		{4C59D218-3FF7-4DCA-A202-DCA6C0D7F6FD}.Debug|Any CPU.ActiveCfg = Debug|Any CPU
		{4C59D218-3FF7-4DCA-A202-DCA6C0D7F6FD}.Debug|Any CPU.Build.0 = Debug|Any CPU
		{4C59D218-3FF7-4DCA-A202-DCA6C0D7F6FD}.Release|Any CPU.ActiveCfg = Release|Any CPU
		{4C59D218-3FF7-4DCA-A202-DCA6C0D7F6FD}.Release|Any CPU.Build.0 = Release|Any CPU
		{F852B0EB-548B-437C-9970-67202A9F2D55}.Debug|Any CPU.ActiveCfg = Debug|Any CPU
		{F852B0EB-548B-437C-9970-67202A9F2D55}.Debug|Any CPU.Build.0 = Debug|Any CPU
		{F852B0EB-548B-437C-9970-67202A9F2D55}.Release|Any CPU.ActiveCfg = Release|Any CPU
		{F852B0EB-548B-437C-9970-67202A9F2D55}.Release|Any CPU.Build.0 = Release|Any CPU
	EndGlobalSection
	GlobalSection(SolutionProperties) = preSolution
		HideSolutionNode = FALSE
	EndGlobalSection
	GlobalSection(ExtensibilityGlobals) = postSolution
		SolutionGuid = {3F05B47C-695E-4FB4-A75D-45A38F8CE721}
	EndGlobalSection
EndGlobal
