
Microsoft Visual Studio Solution File, Format Version 12.00
# Visual Studio 15
VisualStudioVersion = 15.0.28307.102
MinimumVisualStudioVersion = 10.0.40219.1
Project("{FAE04EC0-301F-11D3-BF4B-00C04F79EFBC}") = "Opdracht4.5", "Opdracht4.5\Opdracht4.5.csproj", "{1C1C33A0-C296-46B6-B666-58FCB15A56CA}"
EndProject
Project("{FAE04EC0-301F-11D3-BF4B-00C04F79EFBC}") = "4.1", "4.1\4.1.csproj", "{4E1F4099-0ABF-4ECC-86BB-C0E721D84D4B}"
EndProject
Project("{FAE04EC0-301F-11D3-BF4B-00C04F79EFBC}") = "4.2", "4.2\4.2.csproj", "{4C59D218-3FF7-4DCA-A202-DCA6C0D7F6FD}"
EndProject
Project("{FAE04EC0-301F-11D3-BF4B-00C04F79EFBC}") = "Opdracht 4.2", "Opdracht 4.2\Opdracht 4.2.csproj", "{F852B0EB-548B-437C-9970-67202A9F2D55}"
EndProject
Project("{FAE04EC0-301F-11D3-BF4B-00C04F79EFBC}") = "4.12", "4.12\4.12.csproj", "{1057BF4F-3B13-4C84-86C8-6F4B481106B0}"
EndProject
Project("{FAE04EC0-301F-11D3-BF4B-00C04F79EFBC}") = "Opdracht 4.8", "Opdracht 4.8\Opdracht 4.8.csproj", "{FE252D35-3995-468C-9402-9A1A56E97B55}"
EndProject
Project("{FAE04EC0-301F-11D3-BF4B-00C04F79EFBC}") = "4.4", "4.4\4.4.csproj", "{90A4CB9A-7BAF-438F-A24A-2B3C5605DB35}"
EndProject
Project("{FAE04EC0-301F-11D3-BF4B-00C04F79EFBC}") = "4.7", "4.7\4.7.csproj", "{97FA6E07-C9E4-42B3-ADF7-E5633AA542FA}"
<<<<<<< HEAD
EndProject
Project("{FAE04EC0-301F-11D3-BF4B-00C04F79EFBC}") = "4.14", "4.14\4.14.csproj", "{FC049094-3B32-4E25-B360-CEBB0A80C339}"
EndProject
Project("{FAE04EC0-301F-11D3-BF4B-00C04F79EFBC}") = "Opdracht 4.16", "Opdracht 4.16\Opdracht 4.16.csproj", "{914F3E8D-51D8-4165-BAE7-168E68F49220}"
EndProject
=======
EndProject
<<<<<<< HEAD
Project("{FAE04EC0-301F-11D3-BF4B-00C04F79EFBC}") = "Opdracht 4.16", "Opdracht 4.16\Opdracht 4.16.csproj", "{914F3E8D-51D8-4165-BAE7-168E68F49220}"
EndProject
Project("{FAE04EC0-301F-11D3-BF4B-00C04F79EFBC}") = "4.14", "4.14\4.14.csproj", "{FC049094-3B32-4E25-B360-CEBB0A80C339}"
EndProject
=======
Project("{FAE04EC0-301F-11D3-BF4B-00C04F79EFBC}") = "4.14", "4.14\4.14.csproj", "{FC049094-3B32-4E25-B360-CEBB0A80C339}"
EndProject
Project("{FAE04EC0-301F-11D3-BF4B-00C04F79EFBC}") = "Opdracht 4.16", "Opdracht 4.16\Opdracht 4.16.csproj", "{914F3E8D-51D8-4165-BAE7-168E68F49220}"
EndProject
>>>>>>> b4b3b6b5428c5a2d29e9e4f7896638446db2a51f
>>>>>>> 6c35c54f6cf94137045efbea420a89bf9a3717da
Project("{FAE04EC0-301F-11D3-BF4B-00C04F79EFBC}") = "4.15", "4.15\4.15.csproj", "{5B6D4A37-E097-47C4-8601-B184E0A29B57}"
EndProject
Project("{FAE04EC0-301F-11D3-BF4B-00C04F79EFBC}") = "4.13", "4.13\4.13.csproj", "{C280E760-1786-454F-A005-81BFB151D12E}"
EndProject
Project("{FAE04EC0-301F-11D3-BF4B-00C04F79EFBC}") = "opdracht 4.3", "opdracht 4.3\opdracht 4.3.csproj", "{3E31DAED-24C2-4A97-B653-D30FEFA4432B}"
EndProject
Project("{FAE04EC0-301F-11D3-BF4B-00C04F79EFBC}") = "4.6", "4.6\4.6.csproj", "{DCE4811F-2655-4E42-87BE-388F2A373307}"
EndProject
Project("{FAE04EC0-301F-11D3-BF4B-00C04F79EFBC}") = "4.9", "4.9\4.9.csproj", "{D5A93B8F-EE33-4F57-8B7E-CE2964ED7604}"
EndProject
Project("{FAE04EC0-301F-11D3-BF4B-00C04F79EFBC}") = "4.11", "4.11\4.11.csproj", "{B371BCBA-A4AA-4932-9BC6-2F6F7E8C333E}"
EndProject
<<<<<<< HEAD
Project("{FAE04EC0-301F-11D3-BF4B-00C04F79EFBC}") = "4.5", "4.5\4.5.csproj", "{562CC5B3-8C38-448E-9517-9F807AB825DA}"
EndProject
Project("{FAE04EC0-301F-11D3-BF4B-00C04F79EFBC}") = "4.12.1", "4.12.1\4.12.1.csproj", "{F11546D2-B428-4DB9-9D84-84F59CB9DA4A}"
EndProject
<<<<<<< HEAD
=======
Project("{FAE04EC0-301F-11D3-BF4B-00C04F79EFBC}") = "4.10", "4.10\4.10.csproj", "{631007D1-73FF-4DB7-966B-0F9881D60BD8}"
EndProject
=======
<<<<<<< HEAD
=======
Project("{FAE04EC0-301F-11D3-BF4B-00C04F79EFBC}") = "4.5", "4.5\4.5.csproj", "{562CC5B3-8C38-448E-9517-9F807AB825DA}"
EndProject
<<<<<<< HEAD
=======
Project("{FAE04EC0-301F-11D3-BF4B-00C04F79EFBC}") = "4.12.1", "4.12.1\4.12.1.csproj", "{F11546D2-B428-4DB9-9D84-84F59CB9DA4A}"
EndProject
<<<<<<< HEAD
=======
Project("{FAE04EC0-301F-11D3-BF4B-00C04F79EFBC}") = "4.2re", "4.2re\4.2re.csproj", "{3AD625F8-E819-4460-8F1D-1447AD7D8329}"
EndProject
<<<<<<< HEAD
>>>>>>> c8c468dbe5fa76bc0f7786e743c01264321fffe8
=======
Project("{FAE04EC0-301F-11D3-BF4B-00C04F79EFBC}") = "4.10.1", "4.10.1\4.10.1.csproj", "{B8889B5E-0B6F-45ED-8EDF-3E53F8474932}"
EndProject
>>>>>>> ddd5f319db1c35e832519cb075c8fb489fba393e
>>>>>>> 2cb71a960b2bc6c1dcfcf0b94baea855063642f4
>>>>>>> b4b3b6b5428c5a2d29e9e4f7896638446db2a51f
>>>>>>> 7a5e61da3b98b7c9466087bddd06aa26c59363ab
>>>>>>> 6c35c54f6cf94137045efbea420a89bf9a3717da
Global
	GlobalSection(SolutionConfigurationPlatforms) = preSolution
		Debug|Any CPU = Debug|Any CPU
		Release|Any CPU = Release|Any CPU
	EndGlobalSection
	GlobalSection(ProjectConfigurationPlatforms) = postSolution
		{1C1C33A0-C296-46B6-B666-58FCB15A56CA}.Debug|Any CPU.ActiveCfg = Debug|Any CPU
		{1C1C33A0-C296-46B6-B666-58FCB15A56CA}.Debug|Any CPU.Build.0 = Debug|Any CPU
		{1C1C33A0-C296-46B6-B666-58FCB15A56CA}.Release|Any CPU.ActiveCfg = Release|Any CPU
		{1C1C33A0-C296-46B6-B666-58FCB15A56CA}.Release|Any CPU.Build.0 = Release|Any CPU
		{4E1F4099-0ABF-4ECC-86BB-C0E721D84D4B}.Debug|Any CPU.ActiveCfg = Debug|Any CPU
		{4E1F4099-0ABF-4ECC-86BB-C0E721D84D4B}.Debug|Any CPU.Build.0 = Debug|Any CPU
		{4E1F4099-0ABF-4ECC-86BB-C0E721D84D4B}.Release|Any CPU.ActiveCfg = Release|Any CPU
		{4E1F4099-0ABF-4ECC-86BB-C0E721D84D4B}.Release|Any CPU.Build.0 = Release|Any CPU
		{4C59D218-3FF7-4DCA-A202-DCA6C0D7F6FD}.Debug|Any CPU.ActiveCfg = Debug|Any CPU
		{4C59D218-3FF7-4DCA-A202-DCA6C0D7F6FD}.Debug|Any CPU.Build.0 = Debug|Any CPU
		{4C59D218-3FF7-4DCA-A202-DCA6C0D7F6FD}.Release|Any CPU.ActiveCfg = Release|Any CPU
		{4C59D218-3FF7-4DCA-A202-DCA6C0D7F6FD}.Release|Any CPU.Build.0 = Release|Any CPU
		{F852B0EB-548B-437C-9970-67202A9F2D55}.Debug|Any CPU.ActiveCfg = Debug|Any CPU
		{F852B0EB-548B-437C-9970-67202A9F2D55}.Debug|Any CPU.Build.0 = Debug|Any CPU
		{F852B0EB-548B-437C-9970-67202A9F2D55}.Release|Any CPU.ActiveCfg = Release|Any CPU
		{F852B0EB-548B-437C-9970-67202A9F2D55}.Release|Any CPU.Build.0 = Release|Any CPU
		{1057BF4F-3B13-4C84-86C8-6F4B481106B0}.Debug|Any CPU.ActiveCfg = Debug|Any CPU
		{1057BF4F-3B13-4C84-86C8-6F4B481106B0}.Debug|Any CPU.Build.0 = Debug|Any CPU
		{1057BF4F-3B13-4C84-86C8-6F4B481106B0}.Release|Any CPU.ActiveCfg = Release|Any CPU
		{1057BF4F-3B13-4C84-86C8-6F4B481106B0}.Release|Any CPU.Build.0 = Release|Any CPU
		{FE252D35-3995-468C-9402-9A1A56E97B55}.Debug|Any CPU.ActiveCfg = Debug|Any CPU
		{FE252D35-3995-468C-9402-9A1A56E97B55}.Debug|Any CPU.Build.0 = Debug|Any CPU
		{FE252D35-3995-468C-9402-9A1A56E97B55}.Release|Any CPU.ActiveCfg = Release|Any CPU
		{FE252D35-3995-468C-9402-9A1A56E97B55}.Release|Any CPU.Build.0 = Release|Any CPU
		{90A4CB9A-7BAF-438F-A24A-2B3C5605DB35}.Debug|Any CPU.ActiveCfg = Debug|Any CPU
		{90A4CB9A-7BAF-438F-A24A-2B3C5605DB35}.Debug|Any CPU.Build.0 = Debug|Any CPU
		{90A4CB9A-7BAF-438F-A24A-2B3C5605DB35}.Release|Any CPU.ActiveCfg = Release|Any CPU
		{90A4CB9A-7BAF-438F-A24A-2B3C5605DB35}.Release|Any CPU.Build.0 = Release|Any CPU
		{97FA6E07-C9E4-42B3-ADF7-E5633AA542FA}.Debug|Any CPU.ActiveCfg = Debug|Any CPU
		{97FA6E07-C9E4-42B3-ADF7-E5633AA542FA}.Debug|Any CPU.Build.0 = Debug|Any CPU
		{97FA6E07-C9E4-42B3-ADF7-E5633AA542FA}.Release|Any CPU.ActiveCfg = Release|Any CPU
		{97FA6E07-C9E4-42B3-ADF7-E5633AA542FA}.Release|Any CPU.Build.0 = Release|Any CPU
<<<<<<< HEAD
=======
<<<<<<< HEAD
		{914F3E8D-51D8-4165-BAE7-168E68F49220}.Debug|Any CPU.ActiveCfg = Debug|Any CPU
		{914F3E8D-51D8-4165-BAE7-168E68F49220}.Debug|Any CPU.Build.0 = Debug|Any CPU
		{914F3E8D-51D8-4165-BAE7-168E68F49220}.Release|Any CPU.ActiveCfg = Release|Any CPU
		{914F3E8D-51D8-4165-BAE7-168E68F49220}.Release|Any CPU.Build.0 = Release|Any CPU
=======
>>>>>>> b4b3b6b5428c5a2d29e9e4f7896638446db2a51f
>>>>>>> 6c35c54f6cf94137045efbea420a89bf9a3717da
		{FC049094-3B32-4E25-B360-CEBB0A80C339}.Debug|Any CPU.ActiveCfg = Debug|Any CPU
		{FC049094-3B32-4E25-B360-CEBB0A80C339}.Debug|Any CPU.Build.0 = Debug|Any CPU
		{FC049094-3B32-4E25-B360-CEBB0A80C339}.Release|Any CPU.ActiveCfg = Release|Any CPU
		{FC049094-3B32-4E25-B360-CEBB0A80C339}.Release|Any CPU.Build.0 = Release|Any CPU
<<<<<<< HEAD
=======
<<<<<<< HEAD
=======
<<<<<<< HEAD
>>>>>>> b4b3b6b5428c5a2d29e9e4f7896638446db2a51f
		{5B6D4A37-E097-47C4-8601-B184E0A29B57}.Debug|Any CPU.ActiveCfg = Debug|Any CPU
		{5B6D4A37-E097-47C4-8601-B184E0A29B57}.Debug|Any CPU.Build.0 = Debug|Any CPU
		{5B6D4A37-E097-47C4-8601-B184E0A29B57}.Release|Any CPU.ActiveCfg = Release|Any CPU
		{5B6D4A37-E097-47C4-8601-B184E0A29B57}.Release|Any CPU.Build.0 = Release|Any CPU
<<<<<<< HEAD
=======
=======
>>>>>>> c8c468dbe5fa76bc0f7786e743c01264321fffe8
>>>>>>> 6c35c54f6cf94137045efbea420a89bf9a3717da
		{914F3E8D-51D8-4165-BAE7-168E68F49220}.Debug|Any CPU.ActiveCfg = Debug|Any CPU
		{914F3E8D-51D8-4165-BAE7-168E68F49220}.Debug|Any CPU.Build.0 = Debug|Any CPU
		{914F3E8D-51D8-4165-BAE7-168E68F49220}.Release|Any CPU.ActiveCfg = Release|Any CPU
		{914F3E8D-51D8-4165-BAE7-168E68F49220}.Release|Any CPU.Build.0 = Release|Any CPU
		{5B6D4A37-E097-47C4-8601-B184E0A29B57}.Debug|Any CPU.ActiveCfg = Debug|Any CPU
		{5B6D4A37-E097-47C4-8601-B184E0A29B57}.Debug|Any CPU.Build.0 = Debug|Any CPU
		{5B6D4A37-E097-47C4-8601-B184E0A29B57}.Release|Any CPU.ActiveCfg = Release|Any CPU
		{5B6D4A37-E097-47C4-8601-B184E0A29B57}.Release|Any CPU.Build.0 = Release|Any CPU
<<<<<<< HEAD
=======
>>>>>>> b4b3b6b5428c5a2d29e9e4f7896638446db2a51f
>>>>>>> 6c35c54f6cf94137045efbea420a89bf9a3717da
		{C280E760-1786-454F-A005-81BFB151D12E}.Debug|Any CPU.ActiveCfg = Debug|Any CPU
		{C280E760-1786-454F-A005-81BFB151D12E}.Debug|Any CPU.Build.0 = Debug|Any CPU
		{C280E760-1786-454F-A005-81BFB151D12E}.Release|Any CPU.ActiveCfg = Release|Any CPU
		{C280E760-1786-454F-A005-81BFB151D12E}.Release|Any CPU.Build.0 = Release|Any CPU
		{3E31DAED-24C2-4A97-B653-D30FEFA4432B}.Debug|Any CPU.ActiveCfg = Debug|Any CPU
		{3E31DAED-24C2-4A97-B653-D30FEFA4432B}.Debug|Any CPU.Build.0 = Debug|Any CPU
		{3E31DAED-24C2-4A97-B653-D30FEFA4432B}.Release|Any CPU.ActiveCfg = Release|Any CPU
		{3E31DAED-24C2-4A97-B653-D30FEFA4432B}.Release|Any CPU.Build.0 = Release|Any CPU
		{DCE4811F-2655-4E42-87BE-388F2A373307}.Debug|Any CPU.ActiveCfg = Debug|Any CPU
		{DCE4811F-2655-4E42-87BE-388F2A373307}.Debug|Any CPU.Build.0 = Debug|Any CPU
		{DCE4811F-2655-4E42-87BE-388F2A373307}.Release|Any CPU.ActiveCfg = Release|Any CPU
		{DCE4811F-2655-4E42-87BE-388F2A373307}.Release|Any CPU.Build.0 = Release|Any CPU
		{D5A93B8F-EE33-4F57-8B7E-CE2964ED7604}.Debug|Any CPU.ActiveCfg = Debug|Any CPU
		{D5A93B8F-EE33-4F57-8B7E-CE2964ED7604}.Debug|Any CPU.Build.0 = Debug|Any CPU
		{D5A93B8F-EE33-4F57-8B7E-CE2964ED7604}.Release|Any CPU.ActiveCfg = Release|Any CPU
		{D5A93B8F-EE33-4F57-8B7E-CE2964ED7604}.Release|Any CPU.Build.0 = Release|Any CPU
		{B371BCBA-A4AA-4932-9BC6-2F6F7E8C333E}.Debug|Any CPU.ActiveCfg = Debug|Any CPU
		{B371BCBA-A4AA-4932-9BC6-2F6F7E8C333E}.Debug|Any CPU.Build.0 = Debug|Any CPU
		{B371BCBA-A4AA-4932-9BC6-2F6F7E8C333E}.Release|Any CPU.ActiveCfg = Release|Any CPU
		{B371BCBA-A4AA-4932-9BC6-2F6F7E8C333E}.Release|Any CPU.Build.0 = Release|Any CPU
<<<<<<< HEAD
=======
		{562CC5B3-8C38-448E-9517-9F807AB825DA}.Debug|Any CPU.ActiveCfg = Debug|Any CPU
		{562CC5B3-8C38-448E-9517-9F807AB825DA}.Debug|Any CPU.Build.0 = Debug|Any CPU
		{562CC5B3-8C38-448E-9517-9F807AB825DA}.Release|Any CPU.ActiveCfg = Release|Any CPU
		{562CC5B3-8C38-448E-9517-9F807AB825DA}.Release|Any CPU.Build.0 = Release|Any CPU
<<<<<<< HEAD
=======
<<<<<<< HEAD
=======
<<<<<<< HEAD
=======
>>>>>>> 7a5e61da3b98b7c9466087bddd06aa26c59363ab
>>>>>>> 6c35c54f6cf94137045efbea420a89bf9a3717da
		{F11546D2-B428-4DB9-9D84-84F59CB9DA4A}.Debug|Any CPU.ActiveCfg = Debug|Any CPU
		{F11546D2-B428-4DB9-9D84-84F59CB9DA4A}.Debug|Any CPU.Build.0 = Debug|Any CPU
		{F11546D2-B428-4DB9-9D84-84F59CB9DA4A}.Release|Any CPU.ActiveCfg = Release|Any CPU
		{F11546D2-B428-4DB9-9D84-84F59CB9DA4A}.Release|Any CPU.Build.0 = Release|Any CPU
<<<<<<< HEAD
=======
<<<<<<< HEAD
		{631007D1-73FF-4DB7-966B-0F9881D60BD8}.Debug|Any CPU.ActiveCfg = Debug|Any CPU
		{631007D1-73FF-4DB7-966B-0F9881D60BD8}.Debug|Any CPU.Build.0 = Debug|Any CPU
		{631007D1-73FF-4DB7-966B-0F9881D60BD8}.Release|Any CPU.ActiveCfg = Release|Any CPU
		{631007D1-73FF-4DB7-966B-0F9881D60BD8}.Release|Any CPU.Build.0 = Release|Any CPU
=======
<<<<<<< HEAD
=======
		{3AD625F8-E819-4460-8F1D-1447AD7D8329}.Debug|Any CPU.ActiveCfg = Debug|Any CPU
		{3AD625F8-E819-4460-8F1D-1447AD7D8329}.Debug|Any CPU.Build.0 = Debug|Any CPU
		{3AD625F8-E819-4460-8F1D-1447AD7D8329}.Release|Any CPU.ActiveCfg = Release|Any CPU
		{3AD625F8-E819-4460-8F1D-1447AD7D8329}.Release|Any CPU.Build.0 = Release|Any CPU
<<<<<<< HEAD
>>>>>>> c8c468dbe5fa76bc0f7786e743c01264321fffe8
=======
		{B8889B5E-0B6F-45ED-8EDF-3E53F8474932}.Debug|Any CPU.ActiveCfg = Debug|Any CPU
		{B8889B5E-0B6F-45ED-8EDF-3E53F8474932}.Debug|Any CPU.Build.0 = Debug|Any CPU
		{B8889B5E-0B6F-45ED-8EDF-3E53F8474932}.Release|Any CPU.ActiveCfg = Release|Any CPU
		{B8889B5E-0B6F-45ED-8EDF-3E53F8474932}.Release|Any CPU.Build.0 = Release|Any CPU
>>>>>>> ddd5f319db1c35e832519cb075c8fb489fba393e
>>>>>>> 2cb71a960b2bc6c1dcfcf0b94baea855063642f4
>>>>>>> b4b3b6b5428c5a2d29e9e4f7896638446db2a51f
>>>>>>> 7a5e61da3b98b7c9466087bddd06aa26c59363ab
>>>>>>> 6c35c54f6cf94137045efbea420a89bf9a3717da
	EndGlobalSection
	GlobalSection(SolutionProperties) = preSolution
		HideSolutionNode = FALSE
	EndGlobalSection
	GlobalSection(ExtensibilityGlobals) = postSolution
		SolutionGuid = {3F05B47C-695E-4FB4-A75D-45A38F8CE721}
	EndGlobalSection
EndGlobal
